// !$*UTF8*$!
{
	archiveVersion = 1;
	classes = {
	};
	objectVersion = 48;
	objects = {

/* Begin PBXBuildFile section */
		0910754EFA129307D1836813 /* libPods-Coffup.a in Frameworks */ = {isa = PBXBuildFile; fileRef = 0EB561B7A11FAA66CFCF67FE /* libPods-Coffup.a */; };
		19DD32F5225B294900C0EE5A /* NSUserDefaults+Settings.m in Sources */ = {isa = PBXBuildFile; fileRef = 19DD32F4225B294900C0EE5A /* NSUserDefaults+Settings.m */; };
		19DD32F8225EFC6100C0EE5A /* SwipableNavigationContainer.m in Sources */ = {isa = PBXBuildFile; fileRef = 19DD32F7225EFC6100C0EE5A /* SwipableNavigationContainer.m */; };
		19DD32FB225EFE9700C0EE5A /* SettingsViewController.m in Sources */ = {isa = PBXBuildFile; fileRef = 19DD32F9225EFE9700C0EE5A /* SettingsViewController.m */; };
		5F2FE4AC224F40F50081C2B1 /* secrets-example.plist in Resources */ = {isa = PBXBuildFile; fileRef = 5F2FE4AB224F40F50081C2B1 /* secrets-example.plist */; };
		5F3820A1224C90B400862294 /* FeedFetchOperation.m in Sources */ = {isa = PBXBuildFile; fileRef = 5F3820A0224C90B400862294 /* FeedFetchOperation.m */; };
		5F3820A5224C920F00862294 /* FeedFetchService.m in Sources */ = {isa = PBXBuildFile; fileRef = 5F3820A4224C920F00862294 /* FeedFetchService.m */; };
		5FECEFD4224ECACC00AA8A25 /* Venue.m in Sources */ = {isa = PBXBuildFile; fileRef = 5FECEFD3224ECACC00AA8A25 /* Venue.m */; };
		5FECEFD5224ECB6800AA8A25 /* Location.m in Sources */ = {isa = PBXBuildFile; fileRef = C8810A5C1F2C043600DCFEB6 /* Location.m */; };
		5FECEFD6224ECEDF00AA8A25 /* EventDetailsViewController.m in Sources */ = {isa = PBXBuildFile; fileRef = C8E6A3EC1F3256180098339C /* EventDetailsViewController.m */; };
		5FECEFD7224ED01800AA8A25 /* UserLocation.m in Sources */ = {isa = PBXBuildFile; fileRef = C87995CB1F312873002CA6C8 /* UserLocation.m */; };
		5FECEFD9224EE87D00AA8A25 /* EventTests.m in Sources */ = {isa = PBXBuildFile; fileRef = 5FECEFD8224EE87D00AA8A25 /* EventTests.m */; };
		5FECEFDB224EEB3100AA8A25 /* VenueTests.m in Sources */ = {isa = PBXBuildFile; fileRef = 5FECEFDA224EEB3100AA8A25 /* VenueTests.m */; };
		5FECEFDD224EEBE900AA8A25 /* LocationTests.m in Sources */ = {isa = PBXBuildFile; fileRef = 5FECEFDC224EEBE900AA8A25 /* LocationTests.m */; };
		6C37D4ADD7CD283A3F61DAFE /* libPods-SF iOSUITests.a in Frameworks */ = {isa = PBXBuildFile; fileRef = 6A175B7862F3FA30ED2D111F /* libPods-SF iOSUITests.a */; };
		A95F12DF6A70BE48FCC3B0BF /* libPods-SF iOSUITests.a in Frameworks */ = {isa = PBXBuildFile; fileRef = B59B6549D07F46BFC632E473 /* libPods-SF iOSUITests.a */; };
		C82516301F2FA260006B9D7E /* EventsFeedViewController.m in Sources */ = {isa = PBXBuildFile; fileRef = C825162F1F2FA260006B9D7E /* EventsFeedViewController.m */; };
		C82516341F2FBBD2006B9D7E /* FeedItemCell.m in Sources */ = {isa = PBXBuildFile; fileRef = C82516331F2FBBD2006B9D7E /* FeedItemCell.m */; };
		C82516381F2FBE0E006B9D7E /* UIStackView+ConvenienceInitializer.m in Sources */ = {isa = PBXBuildFile; fileRef = C82516371F2FBE0E006B9D7E /* UIStackView+ConvenienceInitializer.m */; };
		C825163C1F2FDF46006B9D7E /* UIColor+SFiOSColors.m in Sources */ = {isa = PBXBuildFile; fileRef = C825163B1F2FDF46006B9D7E /* UIColor+SFiOSColors.m */; };
		C82516421F2FE9E7006B9D7E /* FeedItem.m in Sources */ = {isa = PBXBuildFile; fileRef = C82516411F2FE9E7006B9D7E /* FeedItem.m */; };
		C82516461F2FEB6F006B9D7E /* NSDate+Utilities.m in Sources */ = {isa = PBXBuildFile; fileRef = C82516451F2FEB6F006B9D7E /* NSDate+Utilities.m */; };
		C82516481F2FF293006B9D7E /* FeedItemTests.m in Sources */ = {isa = PBXBuildFile; fileRef = C82516471F2FF293006B9D7E /* FeedItemTests.m */; };
		C825164D1F3054F6006B9D7E /* MapView.m in Sources */ = {isa = PBXBuildFile; fileRef = C825164C1F3054F6006B9D7E /* MapView.m */; };
		C8307A051F364DDF005CB3D2 /* SecretsStore.m in Sources */ = {isa = PBXBuildFile; fileRef = C8307A041F364DDF005CB3D2 /* SecretsStore.m */; };
		C8307A081F365687005CB3D2 /* UberTravelTimeEstimateOperation.m in Sources */ = {isa = PBXBuildFile; fileRef = C8307A071F365687005CB3D2 /* UberTravelTimeEstimateOperation.m */; };
		C8307A0E1F365969005CB3D2 /* HTTPRequestAsyncOperation.m in Sources */ = {isa = PBXBuildFile; fileRef = C8307A0D1F365969005CB3D2 /* HTTPRequestAsyncOperation.m */; };
		C8307A111F365E58005CB3D2 /* AsyncBlockOperation.m in Sources */ = {isa = PBXBuildFile; fileRef = C8307A101F365E58005CB3D2 /* AsyncBlockOperation.m */; };
		C8307A141F368BFB005CB3D2 /* LyftTravelTimeEstimateOperation.m in Sources */ = {isa = PBXBuildFile; fileRef = C8307A131F368BFB005CB3D2 /* LyftTravelTimeEstimateOperation.m */; };
		C86178E31F36D1CF00883EF1 /* secrets.plist in Resources */ = {isa = PBXBuildFile; fileRef = C83079FF1F364BB3005CB3D2 /* secrets.plist */; };
		C86DD4351F3A389B00C58723 /* NSAttributedString+EventDetails.m in Sources */ = {isa = PBXBuildFile; fileRef = C86DD4341F3A389B00C58723 /* NSAttributedString+EventDetails.m */; };
		C86DD4381F3A3D3100C58723 /* NSAttributedString+Kerning.m in Sources */ = {isa = PBXBuildFile; fileRef = C86DD4361F3A3D2100C58723 /* NSAttributedString+Kerning.m */; };
		C86DD43B1F3A4A6200C58723 /* TravelTime+Arrival.m in Sources */ = {isa = PBXBuildFile; fileRef = C86DD43A1F3A4A6100C58723 /* TravelTime+Arrival.m */; };
		C86DD43D1F3A4DFD00C58723 /* TravelTime+ArrivalTests.m in Sources */ = {isa = PBXBuildFile; fileRef = C86DD43C1F3A4DFD00C58723 /* TravelTime+ArrivalTests.m */; };
		C86E386B1F31B78300E35EBF /* UIImage+URL.m in Sources */ = {isa = PBXBuildFile; fileRef = C86E386A1F31B78300E35EBF /* UIImage+URL.m */; };
		C8709C661F42632300DFE7A9 /* ImageStore.m in Sources */ = {isa = PBXBuildFile; fileRef = C8709C651F42632300DFE7A9 /* ImageStore.m */; };
		C8810A241F2BFE6900DCFEB6 /* AppDelegate.m in Sources */ = {isa = PBXBuildFile; fileRef = C8810A231F2BFE6900DCFEB6 /* AppDelegate.m */; };
		C8810A2C1F2BFE6900DCFEB6 /* Assets.xcassets in Resources */ = {isa = PBXBuildFile; fileRef = C8810A2B1F2BFE6900DCFEB6 /* Assets.xcassets */; };
		C8810A2F1F2BFE6900DCFEB6 /* LaunchScreen.storyboard in Resources */ = {isa = PBXBuildFile; fileRef = C8810A2D1F2BFE6900DCFEB6 /* LaunchScreen.storyboard */; };
		C8810A321F2BFE6900DCFEB6 /* main.m in Sources */ = {isa = PBXBuildFile; fileRef = C8810A311F2BFE6900DCFEB6 /* main.m */; };
		C8810A471F2BFE6900DCFEB6 /* SF_iOSUITests.m in Sources */ = {isa = PBXBuildFile; fileRef = C8810A461F2BFE6900DCFEB6 /* SF_iOSUITests.m */; };
		C88A19C61F2DC52D00C08187 /* NSError+Constructor.m in Sources */ = {isa = PBXBuildFile; fileRef = C88A19C51F2DC52D00C08187 /* NSError+Constructor.m */; };
		C88A19C81F2EC56600C08187 /* EventDataSourceTests.m in Sources */ = {isa = PBXBuildFile; fileRef = C88A19C71F2EC56600C08187 /* EventDataSourceTests.m */; };
		C89401041F36C273001E8E27 /* DirectionsRequest.m in Sources */ = {isa = PBXBuildFile; fileRef = C89401031F36C273001E8E27 /* DirectionsRequest.m */; };
		C897CD111F37B78200E6C2A6 /* DateTests.m in Sources */ = {isa = PBXBuildFile; fileRef = C897CD101F37B78200E6C2A6 /* DateTests.m */; };
		C89A8DDF1F2D8BCF007A5B0C /* Event.m in Sources */ = {isa = PBXBuildFile; fileRef = C89A8DDE1F2D8BCF007A5B0C /* Event.m */; };
		C89A8DE31F2D926A007A5B0C /* EventDataSource.m in Sources */ = {isa = PBXBuildFile; fileRef = C89A8DE21F2D926A007A5B0C /* EventDataSource.m */; };
		C8CC492A1F3293230064B03E /* MKMapCamera+OverlookingLocations.m in Sources */ = {isa = PBXBuildFile; fileRef = C8CC49271F32643A0064B03E /* MKMapCamera+OverlookingLocations.m */; };
		C8CC49311F32A6820064B03E /* NSNotification+ApplicationEventNotifications.m in Sources */ = {isa = PBXBuildFile; fileRef = C8CC49301F32A6820064B03E /* NSNotification+ApplicationEventNotifications.m */; };
		C8CC49351F32A7260064B03E /* UIApplication+Metadata.m in Sources */ = {isa = PBXBuildFile; fileRef = C8CC49341F32A7260064B03E /* UIApplication+Metadata.m */; };
		C8CC493B1F3303170064B03E /* TravelTimeService.m in Sources */ = {isa = PBXBuildFile; fileRef = C8CC493A1F3303170064B03E /* TravelTimeService.m */; };
		C8CC493F1F3307DD0064B03E /* TravelTime.m in Sources */ = {isa = PBXBuildFile; fileRef = C8CC493E1F3307DD0064B03E /* TravelTime.m */; };
		C8CC49431F330F360064B03E /* AsyncOperation.m in Sources */ = {isa = PBXBuildFile; fileRef = C8CC49421F330F360064B03E /* AsyncOperation.m */; };
		C8CC49491F33B9150064B03E /* TravelTimesView.m in Sources */ = {isa = PBXBuildFile; fileRef = C8CC49481F33B9150064B03E /* TravelTimesView.m */; };
		C8CC494C1F33BA420064B03E /* TravelTimeView.m in Sources */ = {isa = PBXBuildFile; fileRef = C8CC494B1F33BA420064B03E /* TravelTimeView.m */; };
		C8CEC9841F3AB342002A8D88 /* UIViewController+StatusBarBackground.m in Sources */ = {isa = PBXBuildFile; fileRef = C8CEC9831F3AB342002A8D88 /* UIViewController+StatusBarBackground.m */; };
		CED16D5C64A6DD2CE70F99F8 /* libPods-SF iOSTests.a in Frameworks */ = {isa = PBXBuildFile; fileRef = 669D4943CDB7B5B8CBC1B27E /* libPods-SF iOSTests.a */; };
		E0037C5422A4AF58E1158B64 /* libPods-SF iOSTests.a in Frameworks */ = {isa = PBXBuildFile; fileRef = 238F3C1035E918F044128123 /* libPods-SF iOSTests.a */; };
/* End PBXBuildFile section */

/* Begin PBXContainerItemProxy section */
		C8810A381F2BFE6900DCFEB6 /* PBXContainerItemProxy */ = {
			isa = PBXContainerItemProxy;
			containerPortal = C8810A171F2BFE6900DCFEB6 /* Project object */;
			proxyType = 1;
			remoteGlobalIDString = C8810A1E1F2BFE6900DCFEB6;
			remoteInfo = "SF iOS";
		};
		C8810A431F2BFE6900DCFEB6 /* PBXContainerItemProxy */ = {
			isa = PBXContainerItemProxy;
			containerPortal = C8810A171F2BFE6900DCFEB6 /* Project object */;
			proxyType = 1;
			remoteGlobalIDString = C8810A1E1F2BFE6900DCFEB6;
			remoteInfo = "SF iOS";
		};
/* End PBXContainerItemProxy section */

/* Begin PBXFileReference section */
		0EB561B7A11FAA66CFCF67FE /* libPods-Coffup.a */ = {isa = PBXFileReference; explicitFileType = archive.ar; includeInIndex = 0; path = "libPods-Coffup.a"; sourceTree = BUILT_PRODUCTS_DIR; };
		19DD32F3225B294900C0EE5A /* NSUserDefaults+Settings.h */ = {isa = PBXFileReference; lastKnownFileType = sourcecode.c.h; path = "NSUserDefaults+Settings.h"; sourceTree = "<group>"; };
		19DD32F4225B294900C0EE5A /* NSUserDefaults+Settings.m */ = {isa = PBXFileReference; lastKnownFileType = sourcecode.c.objc; path = "NSUserDefaults+Settings.m"; sourceTree = "<group>"; };
		19DD32F6225EFC6100C0EE5A /* SwipableNavigationContainer.h */ = {isa = PBXFileReference; lastKnownFileType = sourcecode.c.h; path = SwipableNavigationContainer.h; sourceTree = "<group>"; };
		19DD32F7225EFC6100C0EE5A /* SwipableNavigationContainer.m */ = {isa = PBXFileReference; lastKnownFileType = sourcecode.c.objc; path = SwipableNavigationContainer.m; sourceTree = "<group>"; };
		19DD32F9225EFE9700C0EE5A /* SettingsViewController.m */ = {isa = PBXFileReference; fileEncoding = 4; lastKnownFileType = sourcecode.c.objc; path = SettingsViewController.m; sourceTree = "<group>"; };
		19DD32FA225EFE9700C0EE5A /* SettingsViewController.h */ = {isa = PBXFileReference; fileEncoding = 4; lastKnownFileType = sourcecode.c.h; path = SettingsViewController.h; sourceTree = "<group>"; };
		238F3C1035E918F044128123 /* libPods-SF iOSTests.a */ = {isa = PBXFileReference; explicitFileType = archive.ar; includeInIndex = 0; path = "libPods-SF iOSTests.a"; sourceTree = BUILT_PRODUCTS_DIR; };
		5F2FE4AB224F40F50081C2B1 /* secrets-example.plist */ = {isa = PBXFileReference; fileEncoding = 4; lastKnownFileType = text.plist.xml; path = "secrets-example.plist"; sourceTree = "<group>"; };
		5F38209F224C90B400862294 /* FeedFetchOperation.h */ = {isa = PBXFileReference; lastKnownFileType = sourcecode.c.h; path = FeedFetchOperation.h; sourceTree = "<group>"; };
		5F3820A0224C90B400862294 /* FeedFetchOperation.m */ = {isa = PBXFileReference; lastKnownFileType = sourcecode.c.objc; path = FeedFetchOperation.m; sourceTree = "<group>"; };
		5F3820A2224C910300862294 /* FeedCompletion.h */ = {isa = PBXFileReference; lastKnownFileType = sourcecode.c.h; path = FeedCompletion.h; sourceTree = "<group>"; };
		5F3820A3224C920F00862294 /* FeedFetchService.h */ = {isa = PBXFileReference; lastKnownFileType = sourcecode.c.h; path = FeedFetchService.h; sourceTree = "<group>"; };
		5F3820A4224C920F00862294 /* FeedFetchService.m */ = {isa = PBXFileReference; lastKnownFileType = sourcecode.c.objc; path = FeedFetchService.m; sourceTree = "<group>"; };
		5FECEFD2224ECACC00AA8A25 /* Venue.h */ = {isa = PBXFileReference; lastKnownFileType = sourcecode.c.h; path = Venue.h; sourceTree = "<group>"; };
		5FECEFD3224ECACC00AA8A25 /* Venue.m */ = {isa = PBXFileReference; lastKnownFileType = sourcecode.c.objc; path = Venue.m; sourceTree = "<group>"; };
		5FECEFD8224EE87D00AA8A25 /* EventTests.m */ = {isa = PBXFileReference; lastKnownFileType = sourcecode.c.objc; path = EventTests.m; sourceTree = "<group>"; };
		5FECEFDA224EEB3100AA8A25 /* VenueTests.m */ = {isa = PBXFileReference; lastKnownFileType = sourcecode.c.objc; path = VenueTests.m; sourceTree = "<group>"; };
		5FECEFDC224EEBE900AA8A25 /* LocationTests.m */ = {isa = PBXFileReference; lastKnownFileType = sourcecode.c.objc; path = LocationTests.m; sourceTree = "<group>"; };
		657137982D0CEF4F9D8C04C9 /* Pods-Coffup.release.xcconfig */ = {isa = PBXFileReference; includeInIndex = 1; lastKnownFileType = text.xcconfig; name = "Pods-Coffup.release.xcconfig"; path = "Target Support Files/Pods-Coffup/Pods-Coffup.release.xcconfig"; sourceTree = "<group>"; };
		669D4943CDB7B5B8CBC1B27E /* libPods-SF iOSTests.a */ = {isa = PBXFileReference; explicitFileType = archive.ar; includeInIndex = 0; path = "libPods-SF iOSTests.a"; sourceTree = BUILT_PRODUCTS_DIR; };
		6A175B7862F3FA30ED2D111F /* libPods-SF iOSUITests.a */ = {isa = PBXFileReference; explicitFileType = archive.ar; includeInIndex = 0; path = "libPods-SF iOSUITests.a"; sourceTree = BUILT_PRODUCTS_DIR; };
		757F9676D2866F448FD26FB1 /* Pods-SF iOSTests.debug.xcconfig */ = {isa = PBXFileReference; includeInIndex = 1; lastKnownFileType = text.xcconfig; name = "Pods-SF iOSTests.debug.xcconfig"; path = "Target Support Files/Pods-SF iOSTests/Pods-SF iOSTests.debug.xcconfig"; sourceTree = "<group>"; };
		95933610458B233CD7F79875 /* Pods-Coffup.debug.xcconfig */ = {isa = PBXFileReference; includeInIndex = 1; lastKnownFileType = text.xcconfig; name = "Pods-Coffup.debug.xcconfig"; path = "Target Support Files/Pods-Coffup/Pods-Coffup.debug.xcconfig"; sourceTree = "<group>"; };
		AC27CEEDAEC1D2083F78C4A2 /* Pods-SF iOSUITests.debug.xcconfig */ = {isa = PBXFileReference; includeInIndex = 1; lastKnownFileType = text.xcconfig; name = "Pods-SF iOSUITests.debug.xcconfig"; path = "Target Support Files/Pods-SF iOSUITests/Pods-SF iOSUITests.debug.xcconfig"; sourceTree = "<group>"; };
		B2DA14BB2045FEFDFE19FA8A /* Pods-SF iOSUITests.release.xcconfig */ = {isa = PBXFileReference; includeInIndex = 1; lastKnownFileType = text.xcconfig; name = "Pods-SF iOSUITests.release.xcconfig"; path = "Target Support Files/Pods-SF iOSUITests/Pods-SF iOSUITests.release.xcconfig"; sourceTree = "<group>"; };
		B59B6549D07F46BFC632E473 /* libPods-SF iOSUITests.a */ = {isa = PBXFileReference; explicitFileType = archive.ar; includeInIndex = 0; path = "libPods-SF iOSUITests.a"; sourceTree = BUILT_PRODUCTS_DIR; };
		C825162E1F2FA260006B9D7E /* EventsFeedViewController.h */ = {isa = PBXFileReference; lastKnownFileType = sourcecode.c.h; path = EventsFeedViewController.h; sourceTree = "<group>"; };
		C825162F1F2FA260006B9D7E /* EventsFeedViewController.m */ = {isa = PBXFileReference; lastKnownFileType = sourcecode.c.objc; path = EventsFeedViewController.m; sourceTree = "<group>"; };
		C82516321F2FBBD2006B9D7E /* FeedItemCell.h */ = {isa = PBXFileReference; lastKnownFileType = sourcecode.c.h; path = FeedItemCell.h; sourceTree = "<group>"; };
		C82516331F2FBBD2006B9D7E /* FeedItemCell.m */ = {isa = PBXFileReference; lastKnownFileType = sourcecode.c.objc; path = FeedItemCell.m; sourceTree = "<group>"; };
		C82516361F2FBE0E006B9D7E /* UIStackView+ConvenienceInitializer.h */ = {isa = PBXFileReference; lastKnownFileType = sourcecode.c.h; path = "UIStackView+ConvenienceInitializer.h"; sourceTree = "<group>"; };
		C82516371F2FBE0E006B9D7E /* UIStackView+ConvenienceInitializer.m */ = {isa = PBXFileReference; lastKnownFileType = sourcecode.c.objc; path = "UIStackView+ConvenienceInitializer.m"; sourceTree = "<group>"; };
		C825163A1F2FDF46006B9D7E /* UIColor+SFiOSColors.h */ = {isa = PBXFileReference; lastKnownFileType = sourcecode.c.h; path = "UIColor+SFiOSColors.h"; sourceTree = "<group>"; };
		C825163B1F2FDF46006B9D7E /* UIColor+SFiOSColors.m */ = {isa = PBXFileReference; lastKnownFileType = sourcecode.c.objc; path = "UIColor+SFiOSColors.m"; sourceTree = "<group>"; };
		C82516401F2FE9E7006B9D7E /* FeedItem.h */ = {isa = PBXFileReference; lastKnownFileType = sourcecode.c.h; path = FeedItem.h; sourceTree = "<group>"; };
		C82516411F2FE9E7006B9D7E /* FeedItem.m */ = {isa = PBXFileReference; lastKnownFileType = sourcecode.c.objc; path = FeedItem.m; sourceTree = "<group>"; };
		C82516441F2FEB6F006B9D7E /* NSDate+Utilities.h */ = {isa = PBXFileReference; lastKnownFileType = sourcecode.c.h; path = "NSDate+Utilities.h"; sourceTree = "<group>"; };
		C82516451F2FEB6F006B9D7E /* NSDate+Utilities.m */ = {isa = PBXFileReference; lastKnownFileType = sourcecode.c.objc; path = "NSDate+Utilities.m"; sourceTree = "<group>"; };
		C82516471F2FF293006B9D7E /* FeedItemTests.m */ = {isa = PBXFileReference; lastKnownFileType = sourcecode.c.objc; path = FeedItemTests.m; sourceTree = "<group>"; };
		C825164B1F3054F6006B9D7E /* MapView.h */ = {isa = PBXFileReference; lastKnownFileType = sourcecode.c.h; path = MapView.h; sourceTree = "<group>"; };
		C825164C1F3054F6006B9D7E /* MapView.m */ = {isa = PBXFileReference; lastKnownFileType = sourcecode.c.objc; path = MapView.m; sourceTree = "<group>"; };
		C83079FF1F364BB3005CB3D2 /* secrets.plist */ = {isa = PBXFileReference; lastKnownFileType = text.plist.xml; path = secrets.plist; sourceTree = "<group>"; };
		C8307A031F364DDF005CB3D2 /* SecretsStore.h */ = {isa = PBXFileReference; lastKnownFileType = sourcecode.c.h; path = SecretsStore.h; sourceTree = "<group>"; };
		C8307A041F364DDF005CB3D2 /* SecretsStore.m */ = {isa = PBXFileReference; lastKnownFileType = sourcecode.c.objc; path = SecretsStore.m; sourceTree = "<group>"; };
		C8307A061F365687005CB3D2 /* UberTravelTimeEstimateOperation.h */ = {isa = PBXFileReference; lastKnownFileType = sourcecode.c.h; path = UberTravelTimeEstimateOperation.h; sourceTree = "<group>"; };
		C8307A071F365687005CB3D2 /* UberTravelTimeEstimateOperation.m */ = {isa = PBXFileReference; lastKnownFileType = sourcecode.c.objc; path = UberTravelTimeEstimateOperation.m; sourceTree = "<group>"; };
		C8307A0C1F365969005CB3D2 /* HTTPRequestAsyncOperation.h */ = {isa = PBXFileReference; lastKnownFileType = sourcecode.c.h; path = HTTPRequestAsyncOperation.h; sourceTree = "<group>"; };
		C8307A0D1F365969005CB3D2 /* HTTPRequestAsyncOperation.m */ = {isa = PBXFileReference; lastKnownFileType = sourcecode.c.objc; path = HTTPRequestAsyncOperation.m; sourceTree = "<group>"; };
		C8307A0F1F365E58005CB3D2 /* AsyncBlockOperation.h */ = {isa = PBXFileReference; lastKnownFileType = sourcecode.c.h; path = AsyncBlockOperation.h; sourceTree = "<group>"; };
		C8307A101F365E58005CB3D2 /* AsyncBlockOperation.m */ = {isa = PBXFileReference; lastKnownFileType = sourcecode.c.objc; path = AsyncBlockOperation.m; sourceTree = "<group>"; };
		C8307A121F368BFB005CB3D2 /* LyftTravelTimeEstimateOperation.h */ = {isa = PBXFileReference; lastKnownFileType = sourcecode.c.h; path = LyftTravelTimeEstimateOperation.h; sourceTree = "<group>"; };
		C8307A131F368BFB005CB3D2 /* LyftTravelTimeEstimateOperation.m */ = {isa = PBXFileReference; lastKnownFileType = sourcecode.c.objc; path = LyftTravelTimeEstimateOperation.m; sourceTree = "<group>"; };
		C8307A151F368CAF005CB3D2 /* TravelTimeCalculationCompletion.h */ = {isa = PBXFileReference; lastKnownFileType = sourcecode.c.h; path = TravelTimeCalculationCompletion.h; sourceTree = "<group>"; };
		C86DD4331F3A389B00C58723 /* NSAttributedString+EventDetails.h */ = {isa = PBXFileReference; lastKnownFileType = sourcecode.c.h; path = "NSAttributedString+EventDetails.h"; sourceTree = "<group>"; };
		C86DD4341F3A389B00C58723 /* NSAttributedString+EventDetails.m */ = {isa = PBXFileReference; lastKnownFileType = sourcecode.c.objc; path = "NSAttributedString+EventDetails.m"; sourceTree = "<group>"; };
		C86DD4361F3A3D2100C58723 /* NSAttributedString+Kerning.m */ = {isa = PBXFileReference; lastKnownFileType = sourcecode.c.objc; path = "NSAttributedString+Kerning.m"; sourceTree = "<group>"; };
		C86DD4371F3A3D2100C58723 /* NSAttributedString+Kerning.h */ = {isa = PBXFileReference; lastKnownFileType = sourcecode.c.h; path = "NSAttributedString+Kerning.h"; sourceTree = "<group>"; };
		C86DD4391F3A4A6100C58723 /* TravelTime+Arrival.h */ = {isa = PBXFileReference; lastKnownFileType = sourcecode.c.h; path = "TravelTime+Arrival.h"; sourceTree = "<group>"; };
		C86DD43A1F3A4A6100C58723 /* TravelTime+Arrival.m */ = {isa = PBXFileReference; lastKnownFileType = sourcecode.c.objc; path = "TravelTime+Arrival.m"; sourceTree = "<group>"; };
		C86DD43C1F3A4DFD00C58723 /* TravelTime+ArrivalTests.m */ = {isa = PBXFileReference; lastKnownFileType = sourcecode.c.objc; path = "TravelTime+ArrivalTests.m"; sourceTree = "<group>"; };
		C86E38691F31B78300E35EBF /* UIImage+URL.h */ = {isa = PBXFileReference; lastKnownFileType = sourcecode.c.h; path = "UIImage+URL.h"; sourceTree = "<group>"; };
		C86E386A1F31B78300E35EBF /* UIImage+URL.m */ = {isa = PBXFileReference; lastKnownFileType = sourcecode.c.objc; path = "UIImage+URL.m"; sourceTree = "<group>"; };
		C8709C641F42632300DFE7A9 /* ImageStore.h */ = {isa = PBXFileReference; lastKnownFileType = sourcecode.c.h; path = ImageStore.h; sourceTree = "<group>"; };
		C8709C651F42632300DFE7A9 /* ImageStore.m */ = {isa = PBXFileReference; lastKnownFileType = sourcecode.c.objc; path = ImageStore.m; sourceTree = "<group>"; };
		C87995CA1F312873002CA6C8 /* UserLocation.h */ = {isa = PBXFileReference; lastKnownFileType = sourcecode.c.h; path = UserLocation.h; sourceTree = "<group>"; };
		C87995CB1F312873002CA6C8 /* UserLocation.m */ = {isa = PBXFileReference; lastKnownFileType = sourcecode.c.objc; path = UserLocation.m; sourceTree = "<group>"; };
		C8810A1F1F2BFE6900DCFEB6 /* Coffup.app */ = {isa = PBXFileReference; explicitFileType = wrapper.application; includeInIndex = 0; path = Coffup.app; sourceTree = BUILT_PRODUCTS_DIR; };
		C8810A221F2BFE6900DCFEB6 /* AppDelegate.h */ = {isa = PBXFileReference; lastKnownFileType = sourcecode.c.h; path = AppDelegate.h; sourceTree = "<group>"; };
		C8810A231F2BFE6900DCFEB6 /* AppDelegate.m */ = {isa = PBXFileReference; lastKnownFileType = sourcecode.c.objc; path = AppDelegate.m; sourceTree = "<group>"; };
		C8810A2B1F2BFE6900DCFEB6 /* Assets.xcassets */ = {isa = PBXFileReference; lastKnownFileType = folder.assetcatalog; path = Assets.xcassets; sourceTree = "<group>"; };
		C8810A2E1F2BFE6900DCFEB6 /* Base */ = {isa = PBXFileReference; lastKnownFileType = file.storyboard; name = Base; path = Base.lproj/LaunchScreen.storyboard; sourceTree = "<group>"; };
		C8810A301F2BFE6900DCFEB6 /* Info.plist */ = {isa = PBXFileReference; lastKnownFileType = text.plist.xml; path = Info.plist; sourceTree = "<group>"; };
		C8810A311F2BFE6900DCFEB6 /* main.m */ = {isa = PBXFileReference; lastKnownFileType = sourcecode.c.objc; path = main.m; sourceTree = "<group>"; };
		C8810A371F2BFE6900DCFEB6 /* SF iOSTests.xctest */ = {isa = PBXFileReference; explicitFileType = wrapper.cfbundle; includeInIndex = 0; path = "SF iOSTests.xctest"; sourceTree = BUILT_PRODUCTS_DIR; };
		C8810A3D1F2BFE6900DCFEB6 /* Info.plist */ = {isa = PBXFileReference; lastKnownFileType = text.plist.xml; path = Info.plist; sourceTree = "<group>"; };
		C8810A421F2BFE6900DCFEB6 /* SF iOSUITests.xctest */ = {isa = PBXFileReference; explicitFileType = wrapper.cfbundle; includeInIndex = 0; path = "SF iOSUITests.xctest"; sourceTree = BUILT_PRODUCTS_DIR; };
		C8810A461F2BFE6900DCFEB6 /* SF_iOSUITests.m */ = {isa = PBXFileReference; lastKnownFileType = sourcecode.c.objc; path = SF_iOSUITests.m; sourceTree = "<group>"; };
		C8810A481F2BFE6900DCFEB6 /* Info.plist */ = {isa = PBXFileReference; lastKnownFileType = text.plist.xml; path = Info.plist; sourceTree = "<group>"; };
		C8810A541F2BFE9400DCFEB6 /* SF iOS.entitlements */ = {isa = PBXFileReference; lastKnownFileType = text.plist.entitlements; path = "SF iOS.entitlements"; sourceTree = "<group>"; };
		C8810A5B1F2C043600DCFEB6 /* Location.h */ = {isa = PBXFileReference; lastKnownFileType = sourcecode.c.h; path = Location.h; sourceTree = "<group>"; };
		C8810A5C1F2C043600DCFEB6 /* Location.m */ = {isa = PBXFileReference; lastKnownFileType = sourcecode.c.objc; path = Location.m; sourceTree = "<group>"; };
		C88A19C41F2DC52D00C08187 /* NSError+Constructor.h */ = {isa = PBXFileReference; lastKnownFileType = sourcecode.c.h; path = "NSError+Constructor.h"; sourceTree = "<group>"; };
		C88A19C51F2DC52D00C08187 /* NSError+Constructor.m */ = {isa = PBXFileReference; lastKnownFileType = sourcecode.c.objc; path = "NSError+Constructor.m"; sourceTree = "<group>"; };
		C88A19C71F2EC56600C08187 /* EventDataSourceTests.m */ = {isa = PBXFileReference; lastKnownFileType = sourcecode.c.objc; path = EventDataSourceTests.m; sourceTree = "<group>"; };
		C89401011F36C08C001E8E27 /* DirectionsRequestHandler.h */ = {isa = PBXFileReference; lastKnownFileType = sourcecode.c.h; path = DirectionsRequestHandler.h; sourceTree = "<group>"; };
		C89401021F36C273001E8E27 /* DirectionsRequest.h */ = {isa = PBXFileReference; lastKnownFileType = sourcecode.c.h; path = DirectionsRequest.h; sourceTree = "<group>"; };
		C89401031F36C273001E8E27 /* DirectionsRequest.m */ = {isa = PBXFileReference; lastKnownFileType = sourcecode.c.objc; path = DirectionsRequest.m; sourceTree = "<group>"; };
		C89401051F36C2A0001E8E27 /* TransportType.h */ = {isa = PBXFileReference; lastKnownFileType = sourcecode.c.h; path = TransportType.h; sourceTree = "<group>"; };
		C897CD101F37B78200E6C2A6 /* DateTests.m */ = {isa = PBXFileReference; lastKnownFileType = sourcecode.c.objc; path = DateTests.m; sourceTree = "<group>"; };
		C89A8DDD1F2D8BCF007A5B0C /* Event.h */ = {isa = PBXFileReference; lastKnownFileType = sourcecode.c.h; path = Event.h; sourceTree = "<group>"; };
		C89A8DDE1F2D8BCF007A5B0C /* Event.m */ = {isa = PBXFileReference; lastKnownFileType = sourcecode.c.objc; path = Event.m; sourceTree = "<group>"; };
		C89A8DE01F2D8C2A007A5B0C /* EventType.h */ = {isa = PBXFileReference; lastKnownFileType = sourcecode.c.h; path = EventType.h; sourceTree = "<group>"; };
		C89A8DE11F2D926A007A5B0C /* EventDataSource.h */ = {isa = PBXFileReference; lastKnownFileType = sourcecode.c.h; path = EventDataSource.h; sourceTree = "<group>"; };
		C89A8DE21F2D926A007A5B0C /* EventDataSource.m */ = {isa = PBXFileReference; lastKnownFileType = sourcecode.c.objc; path = EventDataSource.m; sourceTree = "<group>"; };
		C8C337911F42AC5B00F307AD /* SF iOS-Debug.entitlements */ = {isa = PBXFileReference; lastKnownFileType = text.plist.entitlements; path = "SF iOS-Debug.entitlements"; sourceTree = "<group>"; };
		C8CC49271F32643A0064B03E /* MKMapCamera+OverlookingLocations.m */ = {isa = PBXFileReference; lastKnownFileType = sourcecode.c.objc; path = "MKMapCamera+OverlookingLocations.m"; sourceTree = "<group>"; };
		C8CC49281F32643A0064B03E /* MKMapCamera+OverlookingLocations.h */ = {isa = PBXFileReference; lastKnownFileType = sourcecode.c.h; path = "MKMapCamera+OverlookingLocations.h"; sourceTree = "<group>"; };
		C8CC492F1F32A6820064B03E /* NSNotification+ApplicationEventNotifications.h */ = {isa = PBXFileReference; lastKnownFileType = sourcecode.c.h; path = "NSNotification+ApplicationEventNotifications.h"; sourceTree = "<group>"; };
		C8CC49301F32A6820064B03E /* NSNotification+ApplicationEventNotifications.m */ = {isa = PBXFileReference; lastKnownFileType = sourcecode.c.objc; path = "NSNotification+ApplicationEventNotifications.m"; sourceTree = "<group>"; };
		C8CC49331F32A7260064B03E /* UIApplication+Metadata.h */ = {isa = PBXFileReference; lastKnownFileType = sourcecode.c.h; path = "UIApplication+Metadata.h"; sourceTree = "<group>"; };
		C8CC49341F32A7260064B03E /* UIApplication+Metadata.m */ = {isa = PBXFileReference; lastKnownFileType = sourcecode.c.objc; path = "UIApplication+Metadata.m"; sourceTree = "<group>"; };
		C8CC49391F3303170064B03E /* TravelTimeService.h */ = {isa = PBXFileReference; lastKnownFileType = sourcecode.c.h; path = TravelTimeService.h; sourceTree = "<group>"; };
		C8CC493A1F3303170064B03E /* TravelTimeService.m */ = {isa = PBXFileReference; lastKnownFileType = sourcecode.c.objc; path = TravelTimeService.m; sourceTree = "<group>"; };
		C8CC493D1F3307DD0064B03E /* TravelTime.h */ = {isa = PBXFileReference; lastKnownFileType = sourcecode.c.h; path = TravelTime.h; sourceTree = "<group>"; };
		C8CC493E1F3307DD0064B03E /* TravelTime.m */ = {isa = PBXFileReference; lastKnownFileType = sourcecode.c.objc; path = TravelTime.m; sourceTree = "<group>"; };
		C8CC49411F330F360064B03E /* AsyncOperation.h */ = {isa = PBXFileReference; lastKnownFileType = sourcecode.c.h; path = AsyncOperation.h; sourceTree = "<group>"; };
		C8CC49421F330F360064B03E /* AsyncOperation.m */ = {isa = PBXFileReference; lastKnownFileType = sourcecode.c.objc; path = AsyncOperation.m; sourceTree = "<group>"; };
		C8CC49471F33B9150064B03E /* TravelTimesView.h */ = {isa = PBXFileReference; lastKnownFileType = sourcecode.c.h; path = TravelTimesView.h; sourceTree = "<group>"; };
		C8CC49481F33B9150064B03E /* TravelTimesView.m */ = {isa = PBXFileReference; lastKnownFileType = sourcecode.c.objc; path = TravelTimesView.m; sourceTree = "<group>"; };
		C8CC494A1F33BA420064B03E /* TravelTimeView.h */ = {isa = PBXFileReference; lastKnownFileType = sourcecode.c.h; path = TravelTimeView.h; sourceTree = "<group>"; };
		C8CC494B1F33BA420064B03E /* TravelTimeView.m */ = {isa = PBXFileReference; lastKnownFileType = sourcecode.c.objc; path = TravelTimeView.m; sourceTree = "<group>"; };
		C8CEC9821F3AB342002A8D88 /* UIViewController+StatusBarBackground.h */ = {isa = PBXFileReference; lastKnownFileType = sourcecode.c.h; path = "UIViewController+StatusBarBackground.h"; sourceTree = "<group>"; };
		C8CEC9831F3AB342002A8D88 /* UIViewController+StatusBarBackground.m */ = {isa = PBXFileReference; lastKnownFileType = sourcecode.c.objc; path = "UIViewController+StatusBarBackground.m"; sourceTree = "<group>"; };
		C8E6A3EB1F3256180098339C /* EventDetailsViewController.h */ = {isa = PBXFileReference; lastKnownFileType = sourcecode.c.h; path = EventDetailsViewController.h; sourceTree = "<group>"; };
		C8E6A3EC1F3256180098339C /* EventDetailsViewController.m */ = {isa = PBXFileReference; lastKnownFileType = sourcecode.c.objc; path = EventDetailsViewController.m; sourceTree = "<group>"; };
		E76C9B6B05C350D2C01B6FE4 /* Pods-SF iOSTests.release.xcconfig */ = {isa = PBXFileReference; includeInIndex = 1; lastKnownFileType = text.xcconfig; name = "Pods-SF iOSTests.release.xcconfig"; path = "Target Support Files/Pods-SF iOSTests/Pods-SF iOSTests.release.xcconfig"; sourceTree = "<group>"; };
/* End PBXFileReference section */

/* Begin PBXFrameworksBuildPhase section */
		C8810A1C1F2BFE6900DCFEB6 /* Frameworks */ = {
			isa = PBXFrameworksBuildPhase;
			buildActionMask = 2147483647;
			files = (
				0910754EFA129307D1836813 /* libPods-Coffup.a in Frameworks */,
			);
			runOnlyForDeploymentPostprocessing = 0;
		};
		C8810A341F2BFE6900DCFEB6 /* Frameworks */ = {
			isa = PBXFrameworksBuildPhase;
			buildActionMask = 2147483647;
			files = (
				CED16D5C64A6DD2CE70F99F8 /* libPods-SF iOSTests.a in Frameworks */,
				E0037C5422A4AF58E1158B64 /* libPods-SF iOSTests.a in Frameworks */,
			);
			runOnlyForDeploymentPostprocessing = 0;
		};
		C8810A3F1F2BFE6900DCFEB6 /* Frameworks */ = {
			isa = PBXFrameworksBuildPhase;
			buildActionMask = 2147483647;
			files = (
				6C37D4ADD7CD283A3F61DAFE /* libPods-SF iOSUITests.a in Frameworks */,
				A95F12DF6A70BE48FCC3B0BF /* libPods-SF iOSUITests.a in Frameworks */,
			);
			runOnlyForDeploymentPostprocessing = 0;
		};
/* End PBXFrameworksBuildPhase section */

/* Begin PBXGroup section */
		0C459E6F210C8142CB1EB677 /* Frameworks */ = {
			isa = PBXGroup;
			children = (
				0EB561B7A11FAA66CFCF67FE /* libPods-Coffup.a */,
				238F3C1035E918F044128123 /* libPods-SF iOSTests.a */,
				B59B6549D07F46BFC632E473 /* libPods-SF iOSUITests.a */,
			);
			name = Frameworks;
			sourceTree = "<group>";
		};
		19DD32EE225B25B300C0EE5A /* Settings */ = {
			isa = PBXGroup;
			children = (
				19DD32FA225EFE9700C0EE5A /* SettingsViewController.h */,
				19DD32F9225EFE9700C0EE5A /* SettingsViewController.m */,
			);
			path = Settings;
			sourceTree = "<group>";
		};
		19DD32F2225B293600C0EE5A /* Settings */ = {
			isa = PBXGroup;
			children = (
				19DD32F3225B294900C0EE5A /* NSUserDefaults+Settings.h */,
				19DD32F4225B294900C0EE5A /* NSUserDefaults+Settings.m */,
			);
			path = Settings;
			sourceTree = "<group>";
		};
		5F38209E224C908600862294 /* FeedFetch */ = {
			isa = PBXGroup;
			children = (
				5F38209F224C90B400862294 /* FeedFetchOperation.h */,
				5F3820A0224C90B400862294 /* FeedFetchOperation.m */,
				5F3820A2224C910300862294 /* FeedCompletion.h */,
				5F3820A3224C920F00862294 /* FeedFetchService.h */,
				5F3820A4224C920F00862294 /* FeedFetchService.m */,
			);
			path = FeedFetch;
			sourceTree = "<group>";
		};
		5F3820A6224CA75800862294 /* FoursquareFetch */ = {
			isa = PBXGroup;
			children = (
			);
			path = FoursquareFetch;
			sourceTree = "<group>";
		};
		5FF08D062261015E0091FAC8 /* Recovered References */ = {
			isa = PBXGroup;
			children = (
				669D4943CDB7B5B8CBC1B27E /* libPods-SF iOSTests.a */,
				6A175B7862F3FA30ED2D111F /* libPods-SF iOSUITests.a */,
			);
			name = "Recovered References";
			sourceTree = "<group>";
		};
		B76E4D3CFF34FCE8B77E13EC /* Pods */ = {
			isa = PBXGroup;
			children = (
				95933610458B233CD7F79875 /* Pods-Coffup.debug.xcconfig */,
				757F9676D2866F448FD26FB1 /* Pods-SF iOSTests.debug.xcconfig */,
				E76C9B6B05C350D2C01B6FE4 /* Pods-SF iOSTests.release.xcconfig */,
				B2DA14BB2045FEFDFE19FA8A /* Pods-SF iOSUITests.release.xcconfig */,
				657137982D0CEF4F9D8C04C9 /* Pods-Coffup.release.xcconfig */,
				AC27CEEDAEC1D2083F78C4A2 /* Pods-SF iOSUITests.debug.xcconfig */,
			);
			path = Pods;
			sourceTree = "<group>";
		};
		C825162D1F2FA24B006B9D7E /* Feed */ = {
			isa = PBXGroup;
			children = (
				C825162E1F2FA260006B9D7E /* EventsFeedViewController.h */,
				C825162F1F2FA260006B9D7E /* EventsFeedViewController.m */,
				C82516321F2FBBD2006B9D7E /* FeedItemCell.h */,
				C82516331F2FBBD2006B9D7E /* FeedItemCell.m */,
				C82516401F2FE9E7006B9D7E /* FeedItem.h */,
				C82516411F2FE9E7006B9D7E /* FeedItem.m */,
			);
			path = Feed;
			sourceTree = "<group>";
		};
		C82516351F2FBDEF006B9D7E /* StackViews */ = {
			isa = PBXGroup;
			children = (
				C82516361F2FBE0E006B9D7E /* UIStackView+ConvenienceInitializer.h */,
				C82516371F2FBE0E006B9D7E /* UIStackView+ConvenienceInitializer.m */,
			);
			path = StackViews;
			sourceTree = "<group>";
		};
		C82516391F2FDF01006B9D7E /* Styles */ = {
			isa = PBXGroup;
			children = (
				C825163A1F2FDF46006B9D7E /* UIColor+SFiOSColors.h */,
				C825163B1F2FDF46006B9D7E /* UIColor+SFiOSColors.m */,
			);
			path = Styles;
			sourceTree = "<group>";
		};
		C82516431F2FEB5C006B9D7E /* NSDateUtilities */ = {
			isa = PBXGroup;
			children = (
				C82516441F2FEB6F006B9D7E /* NSDate+Utilities.h */,
				C82516451F2FEB6F006B9D7E /* NSDate+Utilities.m */,
			);
			path = NSDateUtilities;
			sourceTree = "<group>";
		};
		C82516491F3054BE006B9D7E /* Helpers */ = {
			isa = PBXGroup;
			children = (
				19DD32F2225B293600C0EE5A /* Settings */,
				C8CEC9811F3AB31D002A8D88 /* StatusBarBackground */,
				C8CC49401F330F1E0064B03E /* Concurrency */,
				C8CC49321F32A70A0064B03E /* Application */,
				C8CC49291F3264420064B03E /* MapCameraOverlookingLocations */,
				C8CC491F1F3260730064B03E /* NSAttributedStringKerning */,
				C82516431F2FEB5C006B9D7E /* NSDateUtilities */,
				C82516391F2FDF01006B9D7E /* Styles */,
				C82516351F2FBDEF006B9D7E /* StackViews */,
				C88A19C31F2DC51500C08187 /* Errors */,
			);
			path = Helpers;
			sourceTree = "<group>";
		};
		C825164A1F3054D1006B9D7E /* Location */ = {
			isa = PBXGroup;
			children = (
				5F3820A6224CA75800862294 /* FoursquareFetch */,
				5F38209E224C908600862294 /* FeedFetch */,
				C825164B1F3054F6006B9D7E /* MapView.h */,
				C825164C1F3054F6006B9D7E /* MapView.m */,
				C87995CA1F312873002CA6C8 /* UserLocation.h */,
				C87995CB1F312873002CA6C8 /* UserLocation.m */,
				C89401021F36C273001E8E27 /* DirectionsRequest.h */,
				C89401031F36C273001E8E27 /* DirectionsRequest.m */,
				C89401051F36C2A0001E8E27 /* TransportType.h */,
				C8CC493C1F3307C70064B03E /* TravelTime */,
			);
			path = Location;
			sourceTree = "<group>";
		};
		C83079FC1F3649EF005CB3D2 /* Secrets */ = {
			isa = PBXGroup;
			children = (
				5F2FE4AB224F40F50081C2B1 /* secrets-example.plist */,
				C83079FF1F364BB3005CB3D2 /* secrets.plist */,
				C8307A031F364DDF005CB3D2 /* SecretsStore.h */,
				C8307A041F364DDF005CB3D2 /* SecretsStore.m */,
			);
			path = Secrets;
			sourceTree = "<group>";
		};
		C86E38651F31B75700E35EBF /* RemoteUIImage */ = {
			isa = PBXGroup;
			children = (
				C86E38691F31B78300E35EBF /* UIImage+URL.h */,
				C86E386A1F31B78300E35EBF /* UIImage+URL.m */,
			);
			path = RemoteUIImage;
			sourceTree = "<group>";
		};
		C8709C631F42630B00DFE7A9 /* ImageStore */ = {
			isa = PBXGroup;
			children = (
				C8709C641F42632300DFE7A9 /* ImageStore.h */,
				C8709C651F42632300DFE7A9 /* ImageStore.m */,
			);
			path = ImageStore;
			sourceTree = "<group>";
		};
		C8709C681F42784700DFE7A9 /* HTTPRequestOperation */ = {
			isa = PBXGroup;
			children = (
				C8307A0C1F365969005CB3D2 /* HTTPRequestAsyncOperation.h */,
				C8307A0D1F365969005CB3D2 /* HTTPRequestAsyncOperation.m */,
			);
			path = HTTPRequestOperation;
			sourceTree = "<group>";
		};
		C8810A161F2BFE6900DCFEB6 = {
			isa = PBXGroup;
			children = (
				C8810A211F2BFE6900DCFEB6 /* SF iOS */,
				C8810A3A1F2BFE6900DCFEB6 /* SF iOSTests */,
				C8810A451F2BFE6900DCFEB6 /* SF iOSUITests */,
				C8810A201F2BFE6900DCFEB6 /* Products */,
				B76E4D3CFF34FCE8B77E13EC /* Pods */,
				5FF08D062261015E0091FAC8 /* Recovered References */,
				0C459E6F210C8142CB1EB677 /* Frameworks */,
			);
			sourceTree = "<group>";
		};
		C8810A201F2BFE6900DCFEB6 /* Products */ = {
			isa = PBXGroup;
			children = (
				C8810A1F1F2BFE6900DCFEB6 /* Coffup.app */,
				C8810A371F2BFE6900DCFEB6 /* SF iOSTests.xctest */,
				C8810A421F2BFE6900DCFEB6 /* SF iOSUITests.xctest */,
			);
			name = Products;
			sourceTree = "<group>";
		};
		C8810A211F2BFE6900DCFEB6 /* SF iOS */ = {
			isa = PBXGroup;
			children = (
				C8709C631F42630B00DFE7A9 /* ImageStore */,
				C83079FC1F3649EF005CB3D2 /* Secrets */,
				C86E38651F31B75700E35EBF /* RemoteUIImage */,
				C825164A1F3054D1006B9D7E /* Location */,
				C8709C681F42784700DFE7A9 /* HTTPRequestOperation */,
				C82516491F3054BE006B9D7E /* Helpers */,
				C825162D1F2FA24B006B9D7E /* Feed */,
				19DD32EE225B25B300C0EE5A /* Settings */,
				C8E6A3EA1F3255F70098339C /* EventDetails */,
				C8810A5A1F2C028900DCFEB6 /* Models */,
				C8810A541F2BFE9400DCFEB6 /* SF iOS.entitlements */,
				C8C337911F42AC5B00F307AD /* SF iOS-Debug.entitlements */,
				C8810A221F2BFE6900DCFEB6 /* AppDelegate.h */,
				C8810A231F2BFE6900DCFEB6 /* AppDelegate.m */,
				19DD32F6225EFC6100C0EE5A /* SwipableNavigationContainer.h */,
				19DD32F7225EFC6100C0EE5A /* SwipableNavigationContainer.m */,
				C8810A2B1F2BFE6900DCFEB6 /* Assets.xcassets */,
				C8810A2D1F2BFE6900DCFEB6 /* LaunchScreen.storyboard */,
				C8810A301F2BFE6900DCFEB6 /* Info.plist */,
				C8810A311F2BFE6900DCFEB6 /* main.m */,
			);
			path = "SF iOS";
			sourceTree = "<group>";
		};
		C8810A3A1F2BFE6900DCFEB6 /* SF iOSTests */ = {
			isa = PBXGroup;
			children = (
				C8810A3D1F2BFE6900DCFEB6 /* Info.plist */,
				C88A19C71F2EC56600C08187 /* EventDataSourceTests.m */,
				C82516471F2FF293006B9D7E /* FeedItemTests.m */,
				C897CD101F37B78200E6C2A6 /* DateTests.m */,
				C86DD43C1F3A4DFD00C58723 /* TravelTime+ArrivalTests.m */,
				5FECEFD8224EE87D00AA8A25 /* EventTests.m */,
				5FECEFDA224EEB3100AA8A25 /* VenueTests.m */,
				5FECEFDC224EEBE900AA8A25 /* LocationTests.m */,
			);
			path = "SF iOSTests";
			sourceTree = "<group>";
		};
		C8810A451F2BFE6900DCFEB6 /* SF iOSUITests */ = {
			isa = PBXGroup;
			children = (
				C8810A461F2BFE6900DCFEB6 /* SF_iOSUITests.m */,
				C8810A481F2BFE6900DCFEB6 /* Info.plist */,
			);
			path = "SF iOSUITests";
			sourceTree = "<group>";
		};
		C8810A5A1F2C028900DCFEB6 /* Models */ = {
			isa = PBXGroup;
			children = (
				C8CC492B1F32A5E20064B03E /* ApplicationEventNotifications */,
				C8810A5B1F2C043600DCFEB6 /* Location.h */,
				C8810A5C1F2C043600DCFEB6 /* Location.m */,
				C89A8DDD1F2D8BCF007A5B0C /* Event.h */,
				C89A8DDE1F2D8BCF007A5B0C /* Event.m */,
				C89A8DE01F2D8C2A007A5B0C /* EventType.h */,
				C89A8DE11F2D926A007A5B0C /* EventDataSource.h */,
				C89A8DE21F2D926A007A5B0C /* EventDataSource.m */,
				5FECEFD2224ECACC00AA8A25 /* Venue.h */,
				5FECEFD3224ECACC00AA8A25 /* Venue.m */,
			);
			path = Models;
			sourceTree = "<group>";
		};
		C88A19C31F2DC51500C08187 /* Errors */ = {
			isa = PBXGroup;
			children = (
				C88A19C41F2DC52D00C08187 /* NSError+Constructor.h */,
				C88A19C51F2DC52D00C08187 /* NSError+Constructor.m */,
			);
			path = Errors;
			sourceTree = "<group>";
		};
		C8CC491F1F3260730064B03E /* NSAttributedStringKerning */ = {
			isa = PBXGroup;
			children = (
				C86DD4371F3A3D2100C58723 /* NSAttributedString+Kerning.h */,
				C86DD4361F3A3D2100C58723 /* NSAttributedString+Kerning.m */,
			);
			path = NSAttributedStringKerning;
			sourceTree = "<group>";
		};
		C8CC49291F3264420064B03E /* MapCameraOverlookingLocations */ = {
			isa = PBXGroup;
			children = (
				C8CC49281F32643A0064B03E /* MKMapCamera+OverlookingLocations.h */,
				C8CC49271F32643A0064B03E /* MKMapCamera+OverlookingLocations.m */,
			);
			path = MapCameraOverlookingLocations;
			sourceTree = "<group>";
		};
		C8CC492B1F32A5E20064B03E /* ApplicationEventNotifications */ = {
			isa = PBXGroup;
			children = (
				C8CC492F1F32A6820064B03E /* NSNotification+ApplicationEventNotifications.h */,
				C8CC49301F32A6820064B03E /* NSNotification+ApplicationEventNotifications.m */,
			);
			path = ApplicationEventNotifications;
			sourceTree = "<group>";
		};
		C8CC49321F32A70A0064B03E /* Application */ = {
			isa = PBXGroup;
			children = (
				C8CC49331F32A7260064B03E /* UIApplication+Metadata.h */,
				C8CC49341F32A7260064B03E /* UIApplication+Metadata.m */,
			);
			path = Application;
			sourceTree = "<group>";
		};
		C8CC493C1F3307C70064B03E /* TravelTime */ = {
			isa = PBXGroup;
			children = (
				C8CC49391F3303170064B03E /* TravelTimeService.h */,
				C8CC493A1F3303170064B03E /* TravelTimeService.m */,
				C8CC493D1F3307DD0064B03E /* TravelTime.h */,
				C8CC493E1F3307DD0064B03E /* TravelTime.m */,
				C8307A061F365687005CB3D2 /* UberTravelTimeEstimateOperation.h */,
				C8307A071F365687005CB3D2 /* UberTravelTimeEstimateOperation.m */,
				C8307A121F368BFB005CB3D2 /* LyftTravelTimeEstimateOperation.h */,
				C8307A131F368BFB005CB3D2 /* LyftTravelTimeEstimateOperation.m */,
				C8307A151F368CAF005CB3D2 /* TravelTimeCalculationCompletion.h */,
				C86DD4391F3A4A6100C58723 /* TravelTime+Arrival.h */,
				C86DD43A1F3A4A6100C58723 /* TravelTime+Arrival.m */,
			);
			path = TravelTime;
			sourceTree = "<group>";
		};
		C8CC49401F330F1E0064B03E /* Concurrency */ = {
			isa = PBXGroup;
			children = (
				C8CC49411F330F360064B03E /* AsyncOperation.h */,
				C8CC49421F330F360064B03E /* AsyncOperation.m */,
				C8307A0F1F365E58005CB3D2 /* AsyncBlockOperation.h */,
				C8307A101F365E58005CB3D2 /* AsyncBlockOperation.m */,
			);
			path = Concurrency;
			sourceTree = "<group>";
		};
		C8CEC9811F3AB31D002A8D88 /* StatusBarBackground */ = {
			isa = PBXGroup;
			children = (
				C8CEC9821F3AB342002A8D88 /* UIViewController+StatusBarBackground.h */,
				C8CEC9831F3AB342002A8D88 /* UIViewController+StatusBarBackground.m */,
			);
			path = StatusBarBackground;
			sourceTree = "<group>";
		};
		C8E6A3EA1F3255F70098339C /* EventDetails */ = {
			isa = PBXGroup;
			children = (
				C8E6A3EB1F3256180098339C /* EventDetailsViewController.h */,
				C8E6A3EC1F3256180098339C /* EventDetailsViewController.m */,
				C8CC49471F33B9150064B03E /* TravelTimesView.h */,
				C8CC49481F33B9150064B03E /* TravelTimesView.m */,
				C8CC494A1F33BA420064B03E /* TravelTimeView.h */,
				C8CC494B1F33BA420064B03E /* TravelTimeView.m */,
				C89401011F36C08C001E8E27 /* DirectionsRequestHandler.h */,
				C86DD4331F3A389B00C58723 /* NSAttributedString+EventDetails.h */,
				C86DD4341F3A389B00C58723 /* NSAttributedString+EventDetails.m */,
			);
			path = EventDetails;
			sourceTree = "<group>";
		};
/* End PBXGroup section */

/* Begin PBXNativeTarget section */
		C8810A1E1F2BFE6900DCFEB6 /* Coffup */ = {
			isa = PBXNativeTarget;
			buildConfigurationList = C8810A4B1F2BFE6900DCFEB6 /* Build configuration list for PBXNativeTarget "Coffup" */;
			buildPhases = (
				8022872039CEEA139628B408 /* [CP] Check Pods Manifest.lock */,
				C8810A1B1F2BFE6900DCFEB6 /* Sources */,
				C8810A1C1F2BFE6900DCFEB6 /* Frameworks */,
				C8810A1D1F2BFE6900DCFEB6 /* Resources */,
			);
			buildRules = (
			);
			dependencies = (
			);
			name = Coffup;
			productName = "SF iOS";
			productReference = C8810A1F1F2BFE6900DCFEB6 /* Coffup.app */;
			productType = "com.apple.product-type.application";
		};
		C8810A361F2BFE6900DCFEB6 /* SF iOSTests */ = {
			isa = PBXNativeTarget;
			buildConfigurationList = C8810A4E1F2BFE6900DCFEB6 /* Build configuration list for PBXNativeTarget "SF iOSTests" */;
			buildPhases = (
				A6A2956B96436C09BD969A78 /* [CP] Check Pods Manifest.lock */,
				C8810A331F2BFE6900DCFEB6 /* Sources */,
				C8810A341F2BFE6900DCFEB6 /* Frameworks */,
				C8810A351F2BFE6900DCFEB6 /* Resources */,
			);
			buildRules = (
			);
			dependencies = (
				C8810A391F2BFE6900DCFEB6 /* PBXTargetDependency */,
			);
			name = "SF iOSTests";
			productName = "SF iOSTests";
			productReference = C8810A371F2BFE6900DCFEB6 /* SF iOSTests.xctest */;
			productType = "com.apple.product-type.bundle.unit-test";
		};
		C8810A411F2BFE6900DCFEB6 /* SF iOSUITests */ = {
			isa = PBXNativeTarget;
			buildConfigurationList = C8810A511F2BFE6900DCFEB6 /* Build configuration list for PBXNativeTarget "SF iOSUITests" */;
			buildPhases = (
				FF7C6944C00ED646161D2A97 /* [CP] Check Pods Manifest.lock */,
				C8810A3E1F2BFE6900DCFEB6 /* Sources */,
				C8810A3F1F2BFE6900DCFEB6 /* Frameworks */,
				C8810A401F2BFE6900DCFEB6 /* Resources */,
			);
			buildRules = (
			);
			dependencies = (
				C8810A441F2BFE6900DCFEB6 /* PBXTargetDependency */,
			);
			name = "SF iOSUITests";
			productName = "SF iOSUITests";
			productReference = C8810A421F2BFE6900DCFEB6 /* SF iOSUITests.xctest */;
			productType = "com.apple.product-type.bundle.ui-testing";
		};
/* End PBXNativeTarget section */

/* Begin PBXProject section */
		C8810A171F2BFE6900DCFEB6 /* Project object */ = {
			isa = PBXProject;
			attributes = {
				LastUpgradeCheck = 1020;
				ORGANIZATIONNAME = "";
				TargetAttributes = {
					C8810A1E1F2BFE6900DCFEB6 = {
						CreatedOnToolsVersion = 9.0;
						ProvisioningStyle = Automatic;
						SystemCapabilities = {
							com.apple.Maps.iOS = {
								enabled = 0;
							};
							com.apple.Push = {
								enabled = 0;
							};
							com.apple.iCloud = {
								enabled = 0;
							};
						};
					};
					C8810A361F2BFE6900DCFEB6 = {
						CreatedOnToolsVersion = 9.0;
						TestTargetID = C8810A1E1F2BFE6900DCFEB6;
					};
					C8810A411F2BFE6900DCFEB6 = {
						CreatedOnToolsVersion = 9.0;
						TestTargetID = C8810A1E1F2BFE6900DCFEB6;
					};
				};
			};
			buildConfigurationList = C8810A1A1F2BFE6900DCFEB6 /* Build configuration list for PBXProject "SF iOS" */;
			compatibilityVersion = "Xcode 8.0";
			developmentRegion = en;
			hasScannedForEncodings = 0;
			knownRegions = (
				en,
				Base,
			);
			mainGroup = C8810A161F2BFE6900DCFEB6;
			productRefGroup = C8810A201F2BFE6900DCFEB6 /* Products */;
			projectDirPath = "";
			projectRoot = "";
			targets = (
				C8810A1E1F2BFE6900DCFEB6 /* Coffup */,
				C8810A361F2BFE6900DCFEB6 /* SF iOSTests */,
				C8810A411F2BFE6900DCFEB6 /* SF iOSUITests */,
			);
		};
/* End PBXProject section */

/* Begin PBXResourcesBuildPhase section */
		C8810A1D1F2BFE6900DCFEB6 /* Resources */ = {
			isa = PBXResourcesBuildPhase;
			buildActionMask = 2147483647;
			files = (
				C86178E31F36D1CF00883EF1 /* secrets.plist in Resources */,
				5F2FE4AC224F40F50081C2B1 /* secrets-example.plist in Resources */,
				C8810A2F1F2BFE6900DCFEB6 /* LaunchScreen.storyboard in Resources */,
				C8810A2C1F2BFE6900DCFEB6 /* Assets.xcassets in Resources */,
			);
			runOnlyForDeploymentPostprocessing = 0;
		};
		C8810A351F2BFE6900DCFEB6 /* Resources */ = {
			isa = PBXResourcesBuildPhase;
			buildActionMask = 2147483647;
			files = (
			);
			runOnlyForDeploymentPostprocessing = 0;
		};
		C8810A401F2BFE6900DCFEB6 /* Resources */ = {
			isa = PBXResourcesBuildPhase;
			buildActionMask = 2147483647;
			files = (
			);
			runOnlyForDeploymentPostprocessing = 0;
		};
/* End PBXResourcesBuildPhase section */

/* Begin PBXShellScriptBuildPhase section */
		8022872039CEEA139628B408 /* [CP] Check Pods Manifest.lock */ = {
			isa = PBXShellScriptBuildPhase;
			buildActionMask = 2147483647;
			files = (
			);
			inputFileListPaths = (
			);
			inputPaths = (
				"${PODS_PODFILE_DIR_PATH}/Podfile.lock",
				"${PODS_ROOT}/Manifest.lock",
			);
			name = "[CP] Check Pods Manifest.lock";
			outputFileListPaths = (
			);
			outputPaths = (
				"$(DERIVED_FILE_DIR)/Pods-Coffup-checkManifestLockResult.txt",
			);
			runOnlyForDeploymentPostprocessing = 0;
			shellPath = /bin/sh;
			shellScript = "diff \"${PODS_PODFILE_DIR_PATH}/Podfile.lock\" \"${PODS_ROOT}/Manifest.lock\" > /dev/null\nif [ $? != 0 ] ; then\n    # print error to STDERR\n    echo \"error: The sandbox is not in sync with the Podfile.lock. Run 'pod install' or update your CocoaPods installation.\" >&2\n    exit 1\nfi\n# This output is used by Xcode 'outputs' to avoid re-running this script phase.\necho \"SUCCESS\" > \"${SCRIPT_OUTPUT_FILE_0}\"\n";
			showEnvVarsInLog = 0;
		};
		A6A2956B96436C09BD969A78 /* [CP] Check Pods Manifest.lock */ = {
			isa = PBXShellScriptBuildPhase;
			buildActionMask = 2147483647;
			files = (
			);
			inputFileListPaths = (
			);
			inputPaths = (
				"${PODS_PODFILE_DIR_PATH}/Podfile.lock",
				"${PODS_ROOT}/Manifest.lock",
			);
			name = "[CP] Check Pods Manifest.lock";
			outputFileListPaths = (
			);
			outputPaths = (
				"$(DERIVED_FILE_DIR)/Pods-SF iOSTests-checkManifestLockResult.txt",
			);
			runOnlyForDeploymentPostprocessing = 0;
			shellPath = /bin/sh;
			shellScript = "diff \"${PODS_PODFILE_DIR_PATH}/Podfile.lock\" \"${PODS_ROOT}/Manifest.lock\" > /dev/null\nif [ $? != 0 ] ; then\n    # print error to STDERR\n    echo \"error: The sandbox is not in sync with the Podfile.lock. Run 'pod install' or update your CocoaPods installation.\" >&2\n    exit 1\nfi\n# This output is used by Xcode 'outputs' to avoid re-running this script phase.\necho \"SUCCESS\" > \"${SCRIPT_OUTPUT_FILE_0}\"\n";
			showEnvVarsInLog = 0;
		};
		FF7C6944C00ED646161D2A97 /* [CP] Check Pods Manifest.lock */ = {
			isa = PBXShellScriptBuildPhase;
			buildActionMask = 2147483647;
			files = (
			);
			inputFileListPaths = (
			);
			inputPaths = (
				"${PODS_PODFILE_DIR_PATH}/Podfile.lock",
				"${PODS_ROOT}/Manifest.lock",
			);
			name = "[CP] Check Pods Manifest.lock";
			outputFileListPaths = (
			);
			outputPaths = (
				"$(DERIVED_FILE_DIR)/Pods-SF iOSUITests-checkManifestLockResult.txt",
			);
			runOnlyForDeploymentPostprocessing = 0;
			shellPath = /bin/sh;
			shellScript = "diff \"${PODS_PODFILE_DIR_PATH}/Podfile.lock\" \"${PODS_ROOT}/Manifest.lock\" > /dev/null\nif [ $? != 0 ] ; then\n    # print error to STDERR\n    echo \"error: The sandbox is not in sync with the Podfile.lock. Run 'pod install' or update your CocoaPods installation.\" >&2\n    exit 1\nfi\n# This output is used by Xcode 'outputs' to avoid re-running this script phase.\necho \"SUCCESS\" > \"${SCRIPT_OUTPUT_FILE_0}\"\n";
			showEnvVarsInLog = 0;
		};
/* End PBXShellScriptBuildPhase section */

/* Begin PBXSourcesBuildPhase section */
		C8810A1B1F2BFE6900DCFEB6 /* Sources */ = {
			isa = PBXSourcesBuildPhase;
			buildActionMask = 2147483647;
			files = (
				C8307A111F365E58005CB3D2 /* AsyncBlockOperation.m in Sources */,
				C8307A081F365687005CB3D2 /* UberTravelTimeEstimateOperation.m in Sources */,
				C82516421F2FE9E7006B9D7E /* FeedItem.m in Sources */,
				C8CC493F1F3307DD0064B03E /* TravelTime.m in Sources */,
				C8709C661F42632300DFE7A9 /* ImageStore.m in Sources */,
				C825163C1F2FDF46006B9D7E /* UIColor+SFiOSColors.m in Sources */,
				C86DD43B1F3A4A6200C58723 /* TravelTime+Arrival.m in Sources */,
				C8810A321F2BFE6900DCFEB6 /* main.m in Sources */,
				19DD32F5225B294900C0EE5A /* NSUserDefaults+Settings.m in Sources */,
				C82516301F2FA260006B9D7E /* EventsFeedViewController.m in Sources */,
				C89A8DDF1F2D8BCF007A5B0C /* Event.m in Sources */,
				5F3820A1224C90B400862294 /* FeedFetchOperation.m in Sources */,
				5FECEFD7224ED01800AA8A25 /* UserLocation.m in Sources */,
				C825164D1F3054F6006B9D7E /* MapView.m in Sources */,
				C8CEC9841F3AB342002A8D88 /* UIViewController+StatusBarBackground.m in Sources */,
				C8CC49491F33B9150064B03E /* TravelTimesView.m in Sources */,
				C89401041F36C273001E8E27 /* DirectionsRequest.m in Sources */,
				C88A19C61F2DC52D00C08187 /* NSError+Constructor.m in Sources */,
				19DD32FB225EFE9700C0EE5A /* SettingsViewController.m in Sources */,
				C86DD4381F3A3D3100C58723 /* NSAttributedString+Kerning.m in Sources */,
				C8CC49311F32A6820064B03E /* NSNotification+ApplicationEventNotifications.m in Sources */,
				C8307A051F364DDF005CB3D2 /* SecretsStore.m in Sources */,
				5F3820A5224C920F00862294 /* FeedFetchService.m in Sources */,
				C8CC49351F32A7260064B03E /* UIApplication+Metadata.m in Sources */,
				C8CC492A1F3293230064B03E /* MKMapCamera+OverlookingLocations.m in Sources */,
				5FECEFD5224ECB6800AA8A25 /* Location.m in Sources */,
				C86DD4351F3A389B00C58723 /* NSAttributedString+EventDetails.m in Sources */,
				5FECEFD4224ECACC00AA8A25 /* Venue.m in Sources */,
				C86E386B1F31B78300E35EBF /* UIImage+URL.m in Sources */,
				C82516381F2FBE0E006B9D7E /* UIStackView+ConvenienceInitializer.m in Sources */,
				C8CC494C1F33BA420064B03E /* TravelTimeView.m in Sources */,
				C8307A0E1F365969005CB3D2 /* HTTPRequestAsyncOperation.m in Sources */,
				C8307A141F368BFB005CB3D2 /* LyftTravelTimeEstimateOperation.m in Sources */,
				C82516461F2FEB6F006B9D7E /* NSDate+Utilities.m in Sources */,
				C82516341F2FBBD2006B9D7E /* FeedItemCell.m in Sources */,
				C8CC49431F330F360064B03E /* AsyncOperation.m in Sources */,
				5FECEFD6224ECEDF00AA8A25 /* EventDetailsViewController.m in Sources */,
				19DD32F8225EFC6100C0EE5A /* SwipableNavigationContainer.m in Sources */,
				C8810A241F2BFE6900DCFEB6 /* AppDelegate.m in Sources */,
				C8CC493B1F3303170064B03E /* TravelTimeService.m in Sources */,
				C89A8DE31F2D926A007A5B0C /* EventDataSource.m in Sources */,
			);
			runOnlyForDeploymentPostprocessing = 0;
		};
		C8810A331F2BFE6900DCFEB6 /* Sources */ = {
			isa = PBXSourcesBuildPhase;
			buildActionMask = 2147483647;
			files = (
				C86DD43D1F3A4DFD00C58723 /* TravelTime+ArrivalTests.m in Sources */,
				C82516481F2FF293006B9D7E /* FeedItemTests.m in Sources */,
				C897CD111F37B78200E6C2A6 /* DateTests.m in Sources */,
				5FECEFD9224EE87D00AA8A25 /* EventTests.m in Sources */,
				5FECEFDD224EEBE900AA8A25 /* LocationTests.m in Sources */,
				C88A19C81F2EC56600C08187 /* EventDataSourceTests.m in Sources */,
				5FECEFDB224EEB3100AA8A25 /* VenueTests.m in Sources */,
			);
			runOnlyForDeploymentPostprocessing = 0;
		};
		C8810A3E1F2BFE6900DCFEB6 /* Sources */ = {
			isa = PBXSourcesBuildPhase;
			buildActionMask = 2147483647;
			files = (
				C8810A471F2BFE6900DCFEB6 /* SF_iOSUITests.m in Sources */,
			);
			runOnlyForDeploymentPostprocessing = 0;
		};
/* End PBXSourcesBuildPhase section */

/* Begin PBXTargetDependency section */
		C8810A391F2BFE6900DCFEB6 /* PBXTargetDependency */ = {
			isa = PBXTargetDependency;
			target = C8810A1E1F2BFE6900DCFEB6 /* Coffup */;
			targetProxy = C8810A381F2BFE6900DCFEB6 /* PBXContainerItemProxy */;
		};
		C8810A441F2BFE6900DCFEB6 /* PBXTargetDependency */ = {
			isa = PBXTargetDependency;
			target = C8810A1E1F2BFE6900DCFEB6 /* Coffup */;
			targetProxy = C8810A431F2BFE6900DCFEB6 /* PBXContainerItemProxy */;
		};
/* End PBXTargetDependency section */

/* Begin PBXVariantGroup section */
		C8810A2D1F2BFE6900DCFEB6 /* LaunchScreen.storyboard */ = {
			isa = PBXVariantGroup;
			children = (
				C8810A2E1F2BFE6900DCFEB6 /* Base */,
			);
			name = LaunchScreen.storyboard;
			sourceTree = "<group>";
		};
/* End PBXVariantGroup section */

/* Begin XCBuildConfiguration section */
		C8810A491F2BFE6900DCFEB6 /* Debug */ = {
			isa = XCBuildConfiguration;
			buildSettings = {
				ALWAYS_SEARCH_USER_PATHS = NO;
				CLANG_ANALYZER_NONNULL = YES;
				CLANG_ANALYZER_NUMBER_OBJECT_CONVERSION = YES_AGGRESSIVE;
				CLANG_CXX_LANGUAGE_STANDARD = "gnu++14";
				CLANG_CXX_LIBRARY = "libc++";
				CLANG_ENABLE_MODULES = YES;
				CLANG_ENABLE_OBJC_ARC = YES;
				CLANG_WARN_BLOCK_CAPTURE_AUTORELEASING = YES;
				CLANG_WARN_BOOL_CONVERSION = YES;
				CLANG_WARN_COMMA = YES;
				CLANG_WARN_CONSTANT_CONVERSION = YES;
				CLANG_WARN_DEPRECATED_OBJC_IMPLEMENTATIONS = YES;
				CLANG_WARN_DIRECT_OBJC_ISA_USAGE = YES_ERROR;
				CLANG_WARN_DOCUMENTATION_COMMENTS = YES;
				CLANG_WARN_EMPTY_BODY = YES;
				CLANG_WARN_ENUM_CONVERSION = YES;
				CLANG_WARN_INFINITE_RECURSION = YES;
				CLANG_WARN_INT_CONVERSION = YES;
				CLANG_WARN_NON_LITERAL_NULL_CONVERSION = YES;
				CLANG_WARN_OBJC_IMPLICIT_RETAIN_SELF = YES;
				CLANG_WARN_OBJC_LITERAL_CONVERSION = YES;
				CLANG_WARN_OBJC_ROOT_CLASS = YES_ERROR;
				CLANG_WARN_RANGE_LOOP_ANALYSIS = YES;
				CLANG_WARN_STRICT_PROTOTYPES = YES;
				CLANG_WARN_SUSPICIOUS_MOVE = YES;
				CLANG_WARN_UNGUARDED_AVAILABILITY = YES_AGGRESSIVE;
				CLANG_WARN_UNREACHABLE_CODE = YES;
				CLANG_WARN__DUPLICATE_METHOD_MATCH = YES;
				CODE_SIGN_IDENTITY = "iPhone Developer";
				COPY_PHASE_STRIP = NO;
				DEBUG_INFORMATION_FORMAT = dwarf;
				ENABLE_STRICT_OBJC_MSGSEND = YES;
				ENABLE_TESTABILITY = YES;
				GCC_C_LANGUAGE_STANDARD = gnu11;
				GCC_DYNAMIC_NO_PIC = NO;
				GCC_NO_COMMON_BLOCKS = YES;
				GCC_OPTIMIZATION_LEVEL = 0;
				GCC_PREPROCESSOR_DEFINITIONS = (
					"DEBUG=1",
					"$(inherited)",
				);
				GCC_WARN_64_TO_32_BIT_CONVERSION = YES;
				GCC_WARN_ABOUT_RETURN_TYPE = YES_ERROR;
				GCC_WARN_UNDECLARED_SELECTOR = YES;
				GCC_WARN_UNINITIALIZED_AUTOS = YES_AGGRESSIVE;
				GCC_WARN_UNUSED_FUNCTION = YES;
				GCC_WARN_UNUSED_VARIABLE = YES;
				IPHONEOS_DEPLOYMENT_TARGET = 11.0;
				MTL_ENABLE_DEBUG_INFO = YES;
				ONLY_ACTIVE_ARCH = YES;
				SDKROOT = iphoneos;
			};
			name = Debug;
		};
		C8810A4A1F2BFE6900DCFEB6 /* Release */ = {
			isa = XCBuildConfiguration;
			buildSettings = {
				ALWAYS_SEARCH_USER_PATHS = NO;
				CLANG_ANALYZER_NONNULL = YES;
				CLANG_ANALYZER_NUMBER_OBJECT_CONVERSION = YES_AGGRESSIVE;
				CLANG_CXX_LANGUAGE_STANDARD = "gnu++14";
				CLANG_CXX_LIBRARY = "libc++";
				CLANG_ENABLE_MODULES = YES;
				CLANG_ENABLE_OBJC_ARC = YES;
				CLANG_WARN_BLOCK_CAPTURE_AUTORELEASING = YES;
				CLANG_WARN_BOOL_CONVERSION = YES;
				CLANG_WARN_COMMA = YES;
				CLANG_WARN_CONSTANT_CONVERSION = YES;
				CLANG_WARN_DEPRECATED_OBJC_IMPLEMENTATIONS = YES;
				CLANG_WARN_DIRECT_OBJC_ISA_USAGE = YES_ERROR;
				CLANG_WARN_DOCUMENTATION_COMMENTS = YES;
				CLANG_WARN_EMPTY_BODY = YES;
				CLANG_WARN_ENUM_CONVERSION = YES;
				CLANG_WARN_INFINITE_RECURSION = YES;
				CLANG_WARN_INT_CONVERSION = YES;
				CLANG_WARN_NON_LITERAL_NULL_CONVERSION = YES;
				CLANG_WARN_OBJC_IMPLICIT_RETAIN_SELF = YES;
				CLANG_WARN_OBJC_LITERAL_CONVERSION = YES;
				CLANG_WARN_OBJC_ROOT_CLASS = YES_ERROR;
				CLANG_WARN_RANGE_LOOP_ANALYSIS = YES;
				CLANG_WARN_STRICT_PROTOTYPES = YES;
				CLANG_WARN_SUSPICIOUS_MOVE = YES;
				CLANG_WARN_UNGUARDED_AVAILABILITY = YES_AGGRESSIVE;
				CLANG_WARN_UNREACHABLE_CODE = YES;
				CLANG_WARN__DUPLICATE_METHOD_MATCH = YES;
				CODE_SIGN_IDENTITY = "iPhone Developer";
				COPY_PHASE_STRIP = NO;
				DEBUG_INFORMATION_FORMAT = "dwarf-with-dsym";
				ENABLE_NS_ASSERTIONS = NO;
				ENABLE_STRICT_OBJC_MSGSEND = YES;
				GCC_C_LANGUAGE_STANDARD = gnu11;
				GCC_NO_COMMON_BLOCKS = YES;
				GCC_WARN_64_TO_32_BIT_CONVERSION = YES;
				GCC_WARN_ABOUT_RETURN_TYPE = YES_ERROR;
				GCC_WARN_UNDECLARED_SELECTOR = YES;
				GCC_WARN_UNINITIALIZED_AUTOS = YES_AGGRESSIVE;
				GCC_WARN_UNUSED_FUNCTION = YES;
				GCC_WARN_UNUSED_VARIABLE = YES;
				IPHONEOS_DEPLOYMENT_TARGET = 11.0;
				MTL_ENABLE_DEBUG_INFO = NO;
				SDKROOT = iphoneos;
				VALIDATE_PRODUCT = YES;
			};
			name = Release;
		};
		C8810A4C1F2BFE6900DCFEB6 /* Debug */ = {
			isa = XCBuildConfiguration;
			baseConfigurationReference = 95933610458B233CD7F79875 /* Pods-Coffup.debug.xcconfig */;
			buildSettings = {
				ASSETCATALOG_COMPILER_APPICON_NAME = AppIcon;
				"CODE_SIGN_IDENTITY[sdk=iphoneos*]" = "iPhone Developer";
				CODE_SIGN_STYLE = Automatic;
				CURRENT_PROJECT_VERSION = 17;
				DEVELOPMENT_TEAM = F4WTN36U2F;
				INFOPLIST_FILE = "SF iOS/Info.plist";
				IPHONEOS_DEPLOYMENT_TARGET = 11.0;
				LD_RUNPATH_SEARCH_PATHS = "$(inherited) @executable_path/Frameworks";
				PRODUCT_BUNDLE_IDENTIFIER = "io.thumbworks.SF-iOS";
				PRODUCT_NAME = "$(TARGET_NAME)";
				PROVISIONING_PROFILE_SPECIFIER = "";
				TARGETED_DEVICE_FAMILY = 1;
				VERSIONING_SYSTEM = "apple-generic";
			};
			name = Debug;
		};
		C8810A4D1F2BFE6900DCFEB6 /* Release */ = {
			isa = XCBuildConfiguration;
			baseConfigurationReference = 657137982D0CEF4F9D8C04C9 /* Pods-Coffup.release.xcconfig */;
			buildSettings = {
				ASSETCATALOG_COMPILER_APPICON_NAME = AppIcon;
				"CODE_SIGN_IDENTITY[sdk=iphoneos*]" = "iPhone Developer";
				CODE_SIGN_STYLE = Automatic;
				CURRENT_PROJECT_VERSION = 17;
				DEVELOPMENT_TEAM = F4WTN36U2F;
				INFOPLIST_FILE = "SF iOS/Info.plist";
				IPHONEOS_DEPLOYMENT_TARGET = 11.0;
				LD_RUNPATH_SEARCH_PATHS = "$(inherited) @executable_path/Frameworks";
				PRODUCT_BUNDLE_IDENTIFIER = "io.thumbworks.SF-iOS";
				PRODUCT_NAME = "$(TARGET_NAME)";
				PROVISIONING_PROFILE_SPECIFIER = "";
				TARGETED_DEVICE_FAMILY = 1;
				VERSIONING_SYSTEM = "apple-generic";
			};
			name = Release;
		};
		C8810A4F1F2BFE6900DCFEB6 /* Debug */ = {
			isa = XCBuildConfiguration;
			baseConfigurationReference = 757F9676D2866F448FD26FB1 /* Pods-SF iOSTests.debug.xcconfig */;
			buildSettings = {
				BUNDLE_LOADER = "$(TEST_HOST)";
				DEVELOPMENT_TEAM = U699U9MM24;
				INFOPLIST_FILE = "SF iOSTests/Info.plist";
				LD_RUNPATH_SEARCH_PATHS = "$(inherited) @executable_path/Frameworks @loader_path/Frameworks";
				PRODUCT_BUNDLE_IDENTIFIER = "me.amitjain.SF-iOSTests";
				PRODUCT_NAME = "$(TARGET_NAME)";
				TARGETED_DEVICE_FAMILY = "1,2";
				TEST_HOST = "$(BUILT_PRODUCTS_DIR)/Coffup.app/Coffup";
			};
			name = Debug;
		};
		C8810A501F2BFE6900DCFEB6 /* Release */ = {
			isa = XCBuildConfiguration;
			baseConfigurationReference = E76C9B6B05C350D2C01B6FE4 /* Pods-SF iOSTests.release.xcconfig */;
			buildSettings = {
				BUNDLE_LOADER = "$(TEST_HOST)";
				DEVELOPMENT_TEAM = U699U9MM24;
				INFOPLIST_FILE = "SF iOSTests/Info.plist";
				LD_RUNPATH_SEARCH_PATHS = "$(inherited) @executable_path/Frameworks @loader_path/Frameworks";
				PRODUCT_BUNDLE_IDENTIFIER = "me.amitjain.SF-iOSTests";
				PRODUCT_NAME = "$(TARGET_NAME)";
				TARGETED_DEVICE_FAMILY = "1,2";
				TEST_HOST = "$(BUILT_PRODUCTS_DIR)/Coffup.app/Coffup";
			};
			name = Release;
		};
		C8810A521F2BFE6900DCFEB6 /* Debug */ = {
			isa = XCBuildConfiguration;
			baseConfigurationReference = AC27CEEDAEC1D2083F78C4A2 /* Pods-SF iOSUITests.debug.xcconfig */;
			buildSettings = {
				DEVELOPMENT_TEAM = U699U9MM24;
				INFOPLIST_FILE = "SF iOSUITests/Info.plist";
				LD_RUNPATH_SEARCH_PATHS = "$(inherited) @executable_path/Frameworks @loader_path/Frameworks";
				PRODUCT_BUNDLE_IDENTIFIER = "me.amitjain.SF-iOSUITests";
				PRODUCT_NAME = "$(TARGET_NAME)";
				PROVISIONING_PROFILE = "";
				TARGETED_DEVICE_FAMILY = "1,2";
				TEST_TARGET_NAME = Coffup;
			};
			name = Debug;
		};
		C8810A531F2BFE6900DCFEB6 /* Release */ = {
			isa = XCBuildConfiguration;
			baseConfigurationReference = B2DA14BB2045FEFDFE19FA8A /* Pods-SF iOSUITests.release.xcconfig */;
			buildSettings = {
				DEVELOPMENT_TEAM = U699U9MM24;
				INFOPLIST_FILE = "SF iOSUITests/Info.plist";
				LD_RUNPATH_SEARCH_PATHS = "$(inherited) @executable_path/Frameworks @loader_path/Frameworks";
				PRODUCT_BUNDLE_IDENTIFIER = "me.amitjain.SF-iOSUITests";
				PRODUCT_NAME = "$(TARGET_NAME)";
				PROVISIONING_PROFILE = "";
				TARGETED_DEVICE_FAMILY = "1,2";
				TEST_TARGET_NAME = Coffup;
			};
			name = Release;
		};
/* End XCBuildConfiguration section */

/* Begin XCConfigurationList section */
		C8810A1A1F2BFE6900DCFEB6 /* Build configuration list for PBXProject "SF iOS" */ = {
			isa = XCConfigurationList;
			buildConfigurations = (
				C8810A491F2BFE6900DCFEB6 /* Debug */,
				C8810A4A1F2BFE6900DCFEB6 /* Release */,
			);
			defaultConfigurationIsVisible = 0;
			defaultConfigurationName = Release;
		};
		C8810A4B1F2BFE6900DCFEB6 /* Build configuration list for PBXNativeTarget "Coffup" */ = {
			isa = XCConfigurationList;
			buildConfigurations = (
				C8810A4C1F2BFE6900DCFEB6 /* Debug */,
				C8810A4D1F2BFE6900DCFEB6 /* Release */,
			);
			defaultConfigurationIsVisible = 0;
			defaultConfigurationName = Release;
		};
		C8810A4E1F2BFE6900DCFEB6 /* Build configuration list for PBXNativeTarget "SF iOSTests" */ = {
			isa = XCConfigurationList;
			buildConfigurations = (
				C8810A4F1F2BFE6900DCFEB6 /* Debug */,
				C8810A501F2BFE6900DCFEB6 /* Release */,
			);
			defaultConfigurationIsVisible = 0;
			defaultConfigurationName = Release;
		};
		C8810A511F2BFE6900DCFEB6 /* Build configuration list for PBXNativeTarget "SF iOSUITests" */ = {
			isa = XCConfigurationList;
			buildConfigurations = (
				C8810A521F2BFE6900DCFEB6 /* Debug */,
				C8810A531F2BFE6900DCFEB6 /* Release */,
			);
			defaultConfigurationIsVisible = 0;
			defaultConfigurationName = Release;
		};
/* End XCConfigurationList section */
	};
	rootObject = C8810A171F2BFE6900DCFEB6 /* Project object */;
}
