PODS:
  - Realm (3.14.1):
    - Realm/Headers (= 3.14.1)
  - Realm/Headers (3.14.1)

DEPENDENCIES:
  - Realm
  - Realm/Headers

SPEC REPOS:
  https://github.com/cocoapods/specs.git:
    - Realm

SPEC CHECKSUMS:
  Realm: e12c9c2387d05c5bba3a9c394838f5870e85763b

PODFILE CHECKSUM: bd535be8ad32bf81a1c26a6de1ff86044753dc4c

COCOAPODS: 1.6.1
